{
  "name": "spark-abroad",
  "version": "1.0.0",
  "lockfileVersion": 3,
  "requires": true,
  "packages": {
    "": {
      "name": "spark-abroad",
      "version": "1.0.0",
      "license": "ISC",
      "dependencies": {
        "package": "^1.0.1",
        "swiper": "^10.2.0"
      }
    },
    "node_modules/package": {
      "version": "1.0.1",
      "resolved": "https://registry.npmjs.org/package/-/package-1.0.1.tgz",
      "integrity": "sha512-g6xZR6CO7okjie83sIRJodgGvaXqymfE5GLhN8N2TmZGShmHc/V23hO/vWbdnuy3D81As3pfovw72gGi42l9qA==",
      "engines": {
        "node": ">= 0.6.0"
      }
    },
    "node_modules/swiper": {
      "version": "10.2.0",
      "resolved": "https://registry.npmjs.org/swiper/-/swiper-10.2.0.tgz",
      "integrity": "sha512-nktQsOtBInJjr3f5DicxC8eHYGcLXDVIGPSon0QoXRaO6NjKnATCbQ8SZsD3dN1Ph1RH4EhVPwSYCcuDRFWHGQ==",
      "funding": [
        {
          "type": "patreon",
          "url": "https://www.patreon.com/swiperjs"
        },
        {
          "type": "open_collective",
          "url": "http://opencollective.com/swiper"
        }
      ],
      "engines": {
        "node": ">= 4.7.0"
      }
    }
  }
}
